// !$*UTF8*$!
{
	archiveVersion = 1;
	classes = {
	};
	objectVersion = 50;
	objects = {

/* Begin PBXBuildFile section */
		4C0E5A3723E912BF0068C2A1 /* CoreDataStack.swift in Sources */ = {isa = PBXBuildFile; fileRef = 4C0E5A3623E912BF0068C2A1 /* CoreDataStack.swift */; };
		4C0E5A3A23E912F40068C2A1 /* HomeChoreTracker.xcdatamodeld in Sources */ = {isa = PBXBuildFile; fileRef = 4C0E5A3823E912F40068C2A1 /* HomeChoreTracker.xcdatamodeld */; };
		4C0E5A5523E91FB80068C2A1 /* Parent+Convenience.swift in Sources */ = {isa = PBXBuildFile; fileRef = 4C0E5A5423E91FB80068C2A1 /* Parent+Convenience.swift */; };
		4C2630BD23E9E58900F33242 /* ModelController.swift in Sources */ = {isa = PBXBuildFile; fileRef = 4C2630BC23E9E58900F33242 /* ModelController.swift */; };
		4C2630BF23E9F07B00F33242 /* Bearer.swift in Sources */ = {isa = PBXBuildFile; fileRef = 4C2630BE23E9F07B00F33242 /* Bearer.swift */; };
		4C2630C223EA08F300F33242 /* Child+Convenience.swift in Sources */ = {isa = PBXBuildFile; fileRef = 4C2630C123EA08F300F33242 /* Child+Convenience.swift */; };
		4C2630C423EA0A9E00F33242 /* Chore+Convenience.swift in Sources */ = {isa = PBXBuildFile; fileRef = 4C2630C323EA0A9E00F33242 /* Chore+Convenience.swift */; };
		4C376FAC23ECBC8A006646B8 /* ChildChoresViewController.swift in Sources */ = {isa = PBXBuildFile; fileRef = 4C376FAB23ECBC8A006646B8 /* ChildChoresViewController.swift */; };
		4C40291523EBDE2F00F0D95B /* User.swift in Sources */ = {isa = PBXBuildFile; fileRef = 4C40291423EBDE2F00F0D95B /* User.swift */; };
		4C40291723EBF43700F0D95B /* ChildUser.swift in Sources */ = {isa = PBXBuildFile; fileRef = 4C40291623EBF43700F0D95B /* ChildUser.swift */; };
		4C720CC323ECB59E00ED93DC /* ChildsChores.storyboard in Resources */ = {isa = PBXBuildFile; fileRef = 4C720CC223ECB59E00ED93DC /* ChildsChores.storyboard */; };
		4C72753B23EF8973000BAA80 /* AddAChore.storyboard in Resources */ = {isa = PBXBuildFile; fileRef = 4C72753A23EF8973000BAA80 /* AddAChore.storyboard */; };
		4C72753D23EF8EDE000BAA80 /* AddChoreViewController.swift in Sources */ = {isa = PBXBuildFile; fileRef = 4C72753C23EF8EDE000BAA80 /* AddChoreViewController.swift */; };
		4C72753F23EFBE7C000BAA80 /* ChildDetailViewController.swift in Sources */ = {isa = PBXBuildFile; fileRef = 4C72753E23EFBE7C000BAA80 /* ChildDetailViewController.swift */; };
		4C72754123EFCBCB000BAA80 /* ChoreDetailViewController.swift in Sources */ = {isa = PBXBuildFile; fileRef = 4C72754023EFCBCB000BAA80 /* ChoreDetailViewController.swift */; };
		4C72754323EFD430000BAA80 /* ChildDetailTableViewCell.swift in Sources */ = {isa = PBXBuildFile; fileRef = 4C72754223EFD430000BAA80 /* ChildDetailTableViewCell.swift */; };
		4C7E3BE323EB30150017A0A9 /* AddFamilyMemberViewController.swift in Sources */ = {isa = PBXBuildFile; fileRef = 4C7E3BE223EB30150017A0A9 /* AddFamilyMemberViewController.swift */; };
		4C7E3BE723EBB2180017A0A9 /* FamilyHomeViewController.swift in Sources */ = {isa = PBXBuildFile; fileRef = 4C7E3BE623EBB2180017A0A9 /* FamilyHomeViewController.swift */; };
		4C977F0623EC1D71006B931A /* FamilyMemberTableViewCell.swift in Sources */ = {isa = PBXBuildFile; fileRef = 4C977F0523EC1D71006B931A /* FamilyMemberTableViewCell.swift */; };
		4CAB11CD23EE0DBD000FCC53 /* Find.storyboard in Resources */ = {isa = PBXBuildFile; fileRef = 4CAB11CC23EE0DBD000FCC53 /* Find.storyboard */; };
		4CD45FEB23ED5D5E004FB599 /* UserID.swift in Sources */ = {isa = PBXBuildFile; fileRef = 4CD45FEA23ED5D5E004FB599 /* UserID.swift */; };
		4CFCDE7223EA7ADA006222B8 /* RegisterAndLoginViewController.swift in Sources */ = {isa = PBXBuildFile; fileRef = 4CFCDE7123EA7ADA006222B8 /* RegisterAndLoginViewController.swift */; };
		A2002F8023E780A00066B3BB /* AppDelegate.swift in Sources */ = {isa = PBXBuildFile; fileRef = A2002F7F23E780A00066B3BB /* AppDelegate.swift */; };
		A2002F8223E780A00066B3BB /* SceneDelegate.swift in Sources */ = {isa = PBXBuildFile; fileRef = A2002F8123E780A00066B3BB /* SceneDelegate.swift */; };
		A2002F8723E780A00066B3BB /* Main.storyboard in Resources */ = {isa = PBXBuildFile; fileRef = A2002F8523E780A00066B3BB /* Main.storyboard */; };
		A2002F8923E780A10066B3BB /* Assets.xcassets in Resources */ = {isa = PBXBuildFile; fileRef = A2002F8823E780A10066B3BB /* Assets.xcassets */; };
		A2002F8C23E780A10066B3BB /* LaunchScreen.storyboard in Resources */ = {isa = PBXBuildFile; fileRef = A2002F8A23E780A10066B3BB /* LaunchScreen.storyboard */; };
		A2002F9423E7E7600066B3BB /* SignUp:LogIn.storyboard in Resources */ = {isa = PBXBuildFile; fileRef = A2002F9323E7E7600066B3BB /* SignUp:LogIn.storyboard */; };
		A2002F9623E7E8AE0066B3BB /* AddFamilyMember.storyboard in Resources */ = {isa = PBXBuildFile; fileRef = A2002F9523E7E8AE0066B3BB /* AddFamilyMember.storyboard */; };
		A2002F9823E7EBDD0066B3BB /* ChildDetail.storyboard in Resources */ = {isa = PBXBuildFile; fileRef = A2002F9723E7EBDD0066B3BB /* ChildDetail.storyboard */; };
		A2002F9A23E7EFDA0066B3BB /* AssignChore.storyboard in Resources */ = {isa = PBXBuildFile; fileRef = A2002F9923E7EFDA0066B3BB /* AssignChore.storyboard */; };
		A22DB2B123ED724C0032C079 /* NetworkLoader.swift in Sources */ = {isa = PBXBuildFile; fileRef = A22DB2B023ED724C0032C079 /* NetworkLoader.swift */; };
		A22DB2B423ED729E0032C079 /* URLSession+NetworkDataLoader.swift in Sources */ = {isa = PBXBuildFile; fileRef = A22DB2B323ED729E0032C079 /* URLSession+NetworkDataLoader.swift */; };
		A24F410F23ECAA86003C0064 /* ChoreDetail.storyboard in Resources */ = {isa = PBXBuildFile; fileRef = A24F410E23ECAA86003C0064 /* ChoreDetail.storyboard */; };
		A24F411223ECC188003C0064 /* MarkChoreComplete.storyboard in Resources */ = {isa = PBXBuildFile; fileRef = A24F411123ECC188003C0064 /* MarkChoreComplete.storyboard */; };
		A24F411423ECC7AC003C0064 /* MarkChoreCompleteViewController.swift in Sources */ = {isa = PBXBuildFile; fileRef = A24F411323ECC7AC003C0064 /* MarkChoreCompleteViewController.swift */; };
		A2E8E8B723E8A5240095A345 /* Home_Chore_TrackerTests.swift in Sources */ = {isa = PBXBuildFile; fileRef = A2E8E8B623E8A5240095A345 /* Home_Chore_TrackerTests.swift */; };
		A2E8E8BF23E8C5730095A345 /* ParentRepresentation.swift in Sources */ = {isa = PBXBuildFile; fileRef = A2E8E8BE23E8C5730095A345 /* ParentRepresentation.swift */; };
		A2E8E8C123E8C5BE0095A345 /* ChildRepresentation.swift in Sources */ = {isa = PBXBuildFile; fileRef = A2E8E8C023E8C5BE0095A345 /* ChildRepresentation.swift */; };
		A2E8E8C323E8C66D0095A345 /* ChoreRepresentation.swift in Sources */ = {isa = PBXBuildFile; fileRef = A2E8E8C223E8C66D0095A345 /* ChoreRepresentation.swift */; };
/* End PBXBuildFile section */

/* Begin PBXContainerItemProxy section */
		A2E8E8B923E8A5240095A345 /* PBXContainerItemProxy */ = {
			isa = PBXContainerItemProxy;
			containerPortal = A2002F7423E780A00066B3BB /* Project object */;
			proxyType = 1;
			remoteGlobalIDString = A2002F7B23E780A00066B3BB;
			remoteInfo = "Home Chore Tracker";
		};
/* End PBXContainerItemProxy section */

/* Begin PBXFileReference section */
		4C0E5A3623E912BF0068C2A1 /* CoreDataStack.swift */ = {isa = PBXFileReference; lastKnownFileType = sourcecode.swift; path = CoreDataStack.swift; sourceTree = "<group>"; };
		4C0E5A3923E912F40068C2A1 /* HomeChoreTracker.xcdatamodel */ = {isa = PBXFileReference; lastKnownFileType = wrapper.xcdatamodel; path = HomeChoreTracker.xcdatamodel; sourceTree = "<group>"; };
		4C0E5A5423E91FB80068C2A1 /* Parent+Convenience.swift */ = {isa = PBXFileReference; lastKnownFileType = sourcecode.swift; path = "Parent+Convenience.swift"; sourceTree = "<group>"; };
		4C2630BC23E9E58900F33242 /* ModelController.swift */ = {isa = PBXFileReference; lastKnownFileType = sourcecode.swift; path = ModelController.swift; sourceTree = "<group>"; };
		4C2630BE23E9F07B00F33242 /* Bearer.swift */ = {isa = PBXFileReference; lastKnownFileType = sourcecode.swift; path = Bearer.swift; sourceTree = "<group>"; };
		4C2630C123EA08F300F33242 /* Child+Convenience.swift */ = {isa = PBXFileReference; lastKnownFileType = sourcecode.swift; path = "Child+Convenience.swift"; sourceTree = "<group>"; };
		4C2630C323EA0A9E00F33242 /* Chore+Convenience.swift */ = {isa = PBXFileReference; lastKnownFileType = sourcecode.swift; path = "Chore+Convenience.swift"; sourceTree = "<group>"; };
		4C376FAB23ECBC8A006646B8 /* ChildChoresViewController.swift */ = {isa = PBXFileReference; lastKnownFileType = sourcecode.swift; path = ChildChoresViewController.swift; sourceTree = "<group>"; };
		4C40291423EBDE2F00F0D95B /* User.swift */ = {isa = PBXFileReference; lastKnownFileType = sourcecode.swift; path = User.swift; sourceTree = "<group>"; };
		4C40291623EBF43700F0D95B /* ChildUser.swift */ = {isa = PBXFileReference; lastKnownFileType = sourcecode.swift; path = ChildUser.swift; sourceTree = "<group>"; };
		4C720CC223ECB59E00ED93DC /* ChildsChores.storyboard */ = {isa = PBXFileReference; lastKnownFileType = file.storyboard; path = ChildsChores.storyboard; sourceTree = "<group>"; };
		4C72753A23EF8973000BAA80 /* AddAChore.storyboard */ = {isa = PBXFileReference; lastKnownFileType = file.storyboard; path = AddAChore.storyboard; sourceTree = "<group>"; };
		4C72753C23EF8EDE000BAA80 /* AddChoreViewController.swift */ = {isa = PBXFileReference; lastKnownFileType = sourcecode.swift; path = AddChoreViewController.swift; sourceTree = "<group>"; };
		4C72753E23EFBE7C000BAA80 /* ChildDetailViewController.swift */ = {isa = PBXFileReference; lastKnownFileType = sourcecode.swift; path = ChildDetailViewController.swift; sourceTree = "<group>"; };
		4C72754023EFCBCB000BAA80 /* ChoreDetailViewController.swift */ = {isa = PBXFileReference; lastKnownFileType = sourcecode.swift; path = ChoreDetailViewController.swift; sourceTree = "<group>"; };
		4C72754223EFD430000BAA80 /* ChildDetailTableViewCell.swift */ = {isa = PBXFileReference; lastKnownFileType = sourcecode.swift; path = ChildDetailTableViewCell.swift; sourceTree = "<group>"; };
		4C7E3BE223EB30150017A0A9 /* AddFamilyMemberViewController.swift */ = {isa = PBXFileReference; lastKnownFileType = sourcecode.swift; path = AddFamilyMemberViewController.swift; sourceTree = "<group>"; };
		4C7E3BE623EBB2180017A0A9 /* FamilyHomeViewController.swift */ = {isa = PBXFileReference; lastKnownFileType = sourcecode.swift; path = FamilyHomeViewController.swift; sourceTree = "<group>"; };
		4C977F0523EC1D71006B931A /* FamilyMemberTableViewCell.swift */ = {isa = PBXFileReference; lastKnownFileType = sourcecode.swift; path = FamilyMemberTableViewCell.swift; sourceTree = "<group>"; };
		4CAB11CC23EE0DBD000FCC53 /* Find.storyboard */ = {isa = PBXFileReference; lastKnownFileType = file.storyboard; path = Find.storyboard; sourceTree = "<group>"; };
		4CD45FEA23ED5D5E004FB599 /* UserID.swift */ = {isa = PBXFileReference; lastKnownFileType = sourcecode.swift; path = UserID.swift; sourceTree = "<group>"; };
		4CFCDE7123EA7ADA006222B8 /* RegisterAndLoginViewController.swift */ = {isa = PBXFileReference; lastKnownFileType = sourcecode.swift; path = RegisterAndLoginViewController.swift; sourceTree = "<group>"; };
		A2002F7C23E780A00066B3BB /* Home Chore Tracker.app */ = {isa = PBXFileReference; explicitFileType = wrapper.application; includeInIndex = 0; path = "Home Chore Tracker.app"; sourceTree = BUILT_PRODUCTS_DIR; };
		A2002F7F23E780A00066B3BB /* AppDelegate.swift */ = {isa = PBXFileReference; lastKnownFileType = sourcecode.swift; path = AppDelegate.swift; sourceTree = "<group>"; };
		A2002F8123E780A00066B3BB /* SceneDelegate.swift */ = {isa = PBXFileReference; lastKnownFileType = sourcecode.swift; path = SceneDelegate.swift; sourceTree = "<group>"; };
		A2002F8623E780A00066B3BB /* Base */ = {isa = PBXFileReference; lastKnownFileType = file.storyboard; name = Base; path = Base.lproj/Main.storyboard; sourceTree = "<group>"; };
		A2002F8823E780A10066B3BB /* Assets.xcassets */ = {isa = PBXFileReference; lastKnownFileType = folder.assetcatalog; path = Assets.xcassets; sourceTree = "<group>"; };
		A2002F8B23E780A10066B3BB /* Base */ = {isa = PBXFileReference; lastKnownFileType = file.storyboard; name = Base; path = Base.lproj/LaunchScreen.storyboard; sourceTree = "<group>"; };
		A2002F8D23E780A10066B3BB /* Info.plist */ = {isa = PBXFileReference; lastKnownFileType = text.plist.xml; path = Info.plist; sourceTree = "<group>"; };
		A2002F9323E7E7600066B3BB /* SignUp:LogIn.storyboard */ = {isa = PBXFileReference; lastKnownFileType = file.storyboard; path = "SignUp:LogIn.storyboard"; sourceTree = "<group>"; };
		A2002F9523E7E8AE0066B3BB /* AddFamilyMember.storyboard */ = {isa = PBXFileReference; lastKnownFileType = file.storyboard; path = AddFamilyMember.storyboard; sourceTree = "<group>"; };
		A2002F9723E7EBDD0066B3BB /* ChildDetail.storyboard */ = {isa = PBXFileReference; lastKnownFileType = file.storyboard; path = ChildDetail.storyboard; sourceTree = "<group>"; };
		A2002F9923E7EFDA0066B3BB /* AssignChore.storyboard */ = {isa = PBXFileReference; lastKnownFileType = file.storyboard; path = AssignChore.storyboard; sourceTree = "<group>"; };
		A22DB2B023ED724C0032C079 /* NetworkLoader.swift */ = {isa = PBXFileReference; lastKnownFileType = sourcecode.swift; path = NetworkLoader.swift; sourceTree = "<group>"; };
		A22DB2B323ED729E0032C079 /* URLSession+NetworkDataLoader.swift */ = {isa = PBXFileReference; lastKnownFileType = sourcecode.swift; path = "URLSession+NetworkDataLoader.swift"; sourceTree = "<group>"; };
		A24F410E23ECAA86003C0064 /* ChoreDetail.storyboard */ = {isa = PBXFileReference; lastKnownFileType = file.storyboard; path = ChoreDetail.storyboard; sourceTree = "<group>"; };
		A24F411123ECC188003C0064 /* MarkChoreComplete.storyboard */ = {isa = PBXFileReference; lastKnownFileType = file.storyboard; path = MarkChoreComplete.storyboard; sourceTree = "<group>"; };
		A24F411323ECC7AC003C0064 /* MarkChoreCompleteViewController.swift */ = {isa = PBXFileReference; lastKnownFileType = sourcecode.swift; path = MarkChoreCompleteViewController.swift; sourceTree = "<group>"; };
		A2E8E8B423E8A5240095A345 /* Home Chore TrackerTests.xctest */ = {isa = PBXFileReference; explicitFileType = wrapper.cfbundle; includeInIndex = 0; path = "Home Chore TrackerTests.xctest"; sourceTree = BUILT_PRODUCTS_DIR; };
		A2E8E8B623E8A5240095A345 /* Home_Chore_TrackerTests.swift */ = {isa = PBXFileReference; lastKnownFileType = sourcecode.swift; path = Home_Chore_TrackerTests.swift; sourceTree = "<group>"; };
		A2E8E8B823E8A5240095A345 /* Info.plist */ = {isa = PBXFileReference; lastKnownFileType = text.plist.xml; path = Info.plist; sourceTree = "<group>"; };
		A2E8E8BE23E8C5730095A345 /* ParentRepresentation.swift */ = {isa = PBXFileReference; lastKnownFileType = sourcecode.swift; path = ParentRepresentation.swift; sourceTree = "<group>"; };
		A2E8E8C023E8C5BE0095A345 /* ChildRepresentation.swift */ = {isa = PBXFileReference; lastKnownFileType = sourcecode.swift; path = ChildRepresentation.swift; sourceTree = "<group>"; };
		A2E8E8C223E8C66D0095A345 /* ChoreRepresentation.swift */ = {isa = PBXFileReference; lastKnownFileType = sourcecode.swift; path = ChoreRepresentation.swift; sourceTree = "<group>"; };
/* End PBXFileReference section */

/* Begin PBXFrameworksBuildPhase section */
		A2002F7923E780A00066B3BB /* Frameworks */ = {
			isa = PBXFrameworksBuildPhase;
			buildActionMask = 2147483647;
			files = (
			);
			runOnlyForDeploymentPostprocessing = 0;
		};
		A2E8E8B123E8A5240095A345 /* Frameworks */ = {
			isa = PBXFrameworksBuildPhase;
			buildActionMask = 2147483647;
			files = (
			);
			runOnlyForDeploymentPostprocessing = 0;
		};
/* End PBXFrameworksBuildPhase section */

/* Begin PBXGroup section */
		4C2630BB23E9E56F00F33242 /* Model Controller */ = {
			isa = PBXGroup;
			children = (
				4C2630BC23E9E58900F33242 /* ModelController.swift */,
			);
			name = "Model Controller";
			sourceTree = "<group>";
		};
		4C2630C023EA01DA00F33242 /* View Controllers */ = {
			isa = PBXGroup;
			children = (
				4CFCDE7123EA7ADA006222B8 /* RegisterAndLoginViewController.swift */,
				4C7E3BE223EB30150017A0A9 /* AddFamilyMemberViewController.swift */,
				4C7E3BE623EBB2180017A0A9 /* FamilyHomeViewController.swift */,
				4C376FAB23ECBC8A006646B8 /* ChildChoresViewController.swift */,
				A24F411323ECC7AC003C0064 /* MarkChoreCompleteViewController.swift */,
				4C72753C23EF8EDE000BAA80 /* AddChoreViewController.swift */,
				4C72753E23EFBE7C000BAA80 /* ChildDetailViewController.swift */,
				4C72754023EFCBCB000BAA80 /* ChoreDetailViewController.swift */,
			);
			name = "View Controllers";
			sourceTree = "<group>";
		};
		4C977F0423EC1D48006B931A /* Views */ = {
			isa = PBXGroup;
			children = (
				4C977F0523EC1D71006B931A /* FamilyMemberTableViewCell.swift */,
				4C72754223EFD430000BAA80 /* ChildDetailTableViewCell.swift */,
			);
			name = Views;
			sourceTree = "<group>";
		};
		A2002F7323E780A00066B3BB = {
			isa = PBXGroup;
			children = (
				A2002F7E23E780A00066B3BB /* Home Chore Tracker */,
				A2E8E8B523E8A5240095A345 /* Home Chore TrackerTests */,
				A2002F7D23E780A00066B3BB /* Products */,
			);
			sourceTree = "<group>";
		};
		A2002F7D23E780A00066B3BB /* Products */ = {
			isa = PBXGroup;
			children = (
				A2002F7C23E780A00066B3BB /* Home Chore Tracker.app */,
				A2E8E8B423E8A5240095A345 /* Home Chore TrackerTests.xctest */,
			);
			name = Products;
			sourceTree = "<group>";
		};
		A2002F7E23E780A00066B3BB /* Home Chore Tracker */ = {
			isa = PBXGroup;
			children = (
				A2002F7F23E780A00066B3BB /* AppDelegate.swift */,
				A22DB2B223ED72810032C079 /* Helpers */,
				A2E8E8C423E8CA330095A345 /* Models */,
				4C2630BB23E9E56F00F33242 /* Model Controller */,
				4C977F0423EC1D48006B931A /* Views */,
				4C2630C023EA01DA00F33242 /* View Controllers */,
				A24F411023ECAB7F003C0064 /* Storyboards */,
				A2002F8823E780A10066B3BB /* Assets.xcassets */,
				A2002F8D23E780A10066B3BB /* Info.plist */,
			);
			path = "Home Chore Tracker";
			sourceTree = "<group>";
		};
		A22DB2B223ED72810032C079 /* Helpers */ = {
			isa = PBXGroup;
			children = (
				A2002F8123E780A00066B3BB /* SceneDelegate.swift */,
				A22DB2B023ED724C0032C079 /* NetworkLoader.swift */,
				A22DB2B323ED729E0032C079 /* URLSession+NetworkDataLoader.swift */,
			);
			name = Helpers;
			sourceTree = "<group>";
		};
		A24F411023ECAB7F003C0064 /* Storyboards */ = {
			isa = PBXGroup;
			children = (
				A2002F8523E780A00066B3BB /* Main.storyboard */,
				A2002F9723E7EBDD0066B3BB /* ChildDetail.storyboard */,
				A2002F9923E7EFDA0066B3BB /* AssignChore.storyboard */,
				A2002F9523E7E8AE0066B3BB /* AddFamilyMember.storyboard */,
				4C720CC223ECB59E00ED93DC /* ChildsChores.storyboard */,
				A2002F9323E7E7600066B3BB /* SignUp:LogIn.storyboard */,
				A24F410E23ECAA86003C0064 /* ChoreDetail.storyboard */,
				A2002F8A23E780A10066B3BB /* LaunchScreen.storyboard */,
				A24F411123ECC188003C0064 /* MarkChoreComplete.storyboard */,
				4CAB11CC23EE0DBD000FCC53 /* Find.storyboard */,
				4C72753A23EF8973000BAA80 /* AddAChore.storyboard */,
			);
			name = Storyboards;
			sourceTree = "<group>";
		};
		A2E8E8B523E8A5240095A345 /* Home Chore TrackerTests */ = {
			isa = PBXGroup;
			children = (
				A2E8E8B623E8A5240095A345 /* Home_Chore_TrackerTests.swift */,
				A2E8E8B823E8A5240095A345 /* Info.plist */,
			);
			path = "Home Chore TrackerTests";
			sourceTree = "<group>";
		};
		A2E8E8C423E8CA330095A345 /* Models */ = {
			isa = PBXGroup;
			children = (
				A2E8E8BE23E8C5730095A345 /* ParentRepresentation.swift */,
				A2E8E8C023E8C5BE0095A345 /* ChildRepresentation.swift */,
				A2E8E8C223E8C66D0095A345 /* ChoreRepresentation.swift */,
				4C0E5A3623E912BF0068C2A1 /* CoreDataStack.swift */,
				4C0E5A3823E912F40068C2A1 /* HomeChoreTracker.xcdatamodeld */,
				4C2630BE23E9F07B00F33242 /* Bearer.swift */,
				4C0E5A5423E91FB80068C2A1 /* Parent+Convenience.swift */,
				4C2630C123EA08F300F33242 /* Child+Convenience.swift */,
				4C2630C323EA0A9E00F33242 /* Chore+Convenience.swift */,
				4C40291423EBDE2F00F0D95B /* User.swift */,
				4C40291623EBF43700F0D95B /* ChildUser.swift */,
				4CD45FEA23ED5D5E004FB599 /* UserID.swift */,
			);
			path = Models;
			sourceTree = "<group>";
		};
/* End PBXGroup section */

/* Begin PBXNativeTarget section */
		A2002F7B23E780A00066B3BB /* Home Chore Tracker */ = {
			isa = PBXNativeTarget;
			buildConfigurationList = A2002F9023E780A10066B3BB /* Build configuration list for PBXNativeTarget "Home Chore Tracker" */;
			buildPhases = (
				A2002F7823E780A00066B3BB /* Sources */,
				A2002F7923E780A00066B3BB /* Frameworks */,
				A2002F7A23E780A00066B3BB /* Resources */,
			);
			buildRules = (
			);
			dependencies = (
			);
			name = "Home Chore Tracker";
			productName = "Home Chore Tracker";
			productReference = A2002F7C23E780A00066B3BB /* Home Chore Tracker.app */;
			productType = "com.apple.product-type.application";
		};
		A2E8E8B323E8A5240095A345 /* Home Chore TrackerTests */ = {
			isa = PBXNativeTarget;
			buildConfigurationList = A2E8E8BD23E8A5240095A345 /* Build configuration list for PBXNativeTarget "Home Chore TrackerTests" */;
			buildPhases = (
				A2E8E8B023E8A5240095A345 /* Sources */,
				A2E8E8B123E8A5240095A345 /* Frameworks */,
				A2E8E8B223E8A5240095A345 /* Resources */,
			);
			buildRules = (
			);
			dependencies = (
				A2E8E8BA23E8A5240095A345 /* PBXTargetDependency */,
			);
			name = "Home Chore TrackerTests";
			productName = "Home Chore TrackerTests";
			productReference = A2E8E8B423E8A5240095A345 /* Home Chore TrackerTests.xctest */;
			productType = "com.apple.product-type.bundle.unit-test";
		};
/* End PBXNativeTarget section */

/* Begin PBXProject section */
		A2002F7423E780A00066B3BB /* Project object */ = {
			isa = PBXProject;
			attributes = {
				LastSwiftUpdateCheck = 1130;
				LastUpgradeCheck = 1130;
				ORGANIZATIONNAME = HomeChoreTrackeriOSDevs;
				TargetAttributes = {
					A2002F7B23E780A00066B3BB = {
						CreatedOnToolsVersion = 11.3.1;
					};
					A2E8E8B323E8A5240095A345 = {
						CreatedOnToolsVersion = 11.3.1;
						TestTargetID = A2002F7B23E780A00066B3BB;
					};
				};
			};
			buildConfigurationList = A2002F7723E780A00066B3BB /* Build configuration list for PBXProject "Home Chore Tracker" */;
			compatibilityVersion = "Xcode 9.3";
			developmentRegion = en;
			hasScannedForEncodings = 0;
			knownRegions = (
				en,
				Base,
			);
			mainGroup = A2002F7323E780A00066B3BB;
			productRefGroup = A2002F7D23E780A00066B3BB /* Products */;
			projectDirPath = "";
			projectRoot = "";
			targets = (
				A2002F7B23E780A00066B3BB /* Home Chore Tracker */,
				A2E8E8B323E8A5240095A345 /* Home Chore TrackerTests */,
			);
		};
/* End PBXProject section */

/* Begin PBXResourcesBuildPhase section */
		A2002F7A23E780A00066B3BB /* Resources */ = {
			isa = PBXResourcesBuildPhase;
			buildActionMask = 2147483647;
			files = (
				A24F411223ECC188003C0064 /* MarkChoreComplete.storyboard in Resources */,
				A2002F8C23E780A10066B3BB /* LaunchScreen.storyboard in Resources */,
				A24F410F23ECAA86003C0064 /* ChoreDetail.storyboard in Resources */,
				4C720CC323ECB59E00ED93DC /* ChildsChores.storyboard in Resources */,
				A2002F8923E780A10066B3BB /* Assets.xcassets in Resources */,
				A2002F9A23E7EFDA0066B3BB /* AssignChore.storyboard in Resources */,
				4C72753B23EF8973000BAA80 /* AddAChore.storyboard in Resources */,
				4CAB11CD23EE0DBD000FCC53 /* Find.storyboard in Resources */,
				A2002F9823E7EBDD0066B3BB /* ChildDetail.storyboard in Resources */,
				A2002F9623E7E8AE0066B3BB /* AddFamilyMember.storyboard in Resources */,
				A2002F8723E780A00066B3BB /* Main.storyboard in Resources */,
				A2002F9423E7E7600066B3BB /* SignUp:LogIn.storyboard in Resources */,
			);
			runOnlyForDeploymentPostprocessing = 0;
		};
		A2E8E8B223E8A5240095A345 /* Resources */ = {
			isa = PBXResourcesBuildPhase;
			buildActionMask = 2147483647;
			files = (
			);
			runOnlyForDeploymentPostprocessing = 0;
		};
/* End PBXResourcesBuildPhase section */

/* Begin PBXSourcesBuildPhase section */
		A2002F7823E780A00066B3BB /* Sources */ = {
			isa = PBXSourcesBuildPhase;
			buildActionMask = 2147483647;
			files = (
				4CD45FEB23ED5D5E004FB599 /* UserID.swift in Sources */,
				4C2630BF23E9F07B00F33242 /* Bearer.swift in Sources */,
				4C0E5A3723E912BF0068C2A1 /* CoreDataStack.swift in Sources */,
				A22DB2B123ED724C0032C079 /* NetworkLoader.swift in Sources */,
				4C72753D23EF8EDE000BAA80 /* AddChoreViewController.swift in Sources */,
				4C2630BD23E9E58900F33242 /* ModelController.swift in Sources */,
				4C977F0623EC1D71006B931A /* FamilyMemberTableViewCell.swift in Sources */,
				A24F411423ECC7AC003C0064 /* MarkChoreCompleteViewController.swift in Sources */,
				4C7E3BE323EB30150017A0A9 /* AddFamilyMemberViewController.swift in Sources */,
				4C40291723EBF43700F0D95B /* ChildUser.swift in Sources */,
				A22DB2B423ED729E0032C079 /* URLSession+NetworkDataLoader.swift in Sources */,
				4C40291523EBDE2F00F0D95B /* User.swift in Sources */,
				4C7E3BE723EBB2180017A0A9 /* FamilyHomeViewController.swift in Sources */,
				4C72753F23EFBE7C000BAA80 /* ChildDetailViewController.swift in Sources */,
				4C376FAC23ECBC8A006646B8 /* ChildChoresViewController.swift in Sources */,
				A2E8E8C123E8C5BE0095A345 /* ChildRepresentation.swift in Sources */,
				4C0E5A5523E91FB80068C2A1 /* Parent+Convenience.swift in Sources */,
				4C2630C223EA08F300F33242 /* Child+Convenience.swift in Sources */,
				4C0E5A3A23E912F40068C2A1 /* HomeChoreTracker.xcdatamodeld in Sources */,
				A2002F8023E780A00066B3BB /* AppDelegate.swift in Sources */,
				A2E8E8BF23E8C5730095A345 /* ParentRepresentation.swift in Sources */,
				4C2630C423EA0A9E00F33242 /* Chore+Convenience.swift in Sources */,
				4CFCDE7223EA7ADA006222B8 /* RegisterAndLoginViewController.swift in Sources */,
				4C72754123EFCBCB000BAA80 /* ChoreDetailViewController.swift in Sources */,
				A2E8E8C323E8C66D0095A345 /* ChoreRepresentation.swift in Sources */,
				A2002F8223E780A00066B3BB /* SceneDelegate.swift in Sources */,
				4C72754323EFD430000BAA80 /* ChildDetailTableViewCell.swift in Sources */,
			);
			runOnlyForDeploymentPostprocessing = 0;
		};
		A2E8E8B023E8A5240095A345 /* Sources */ = {
			isa = PBXSourcesBuildPhase;
			buildActionMask = 2147483647;
			files = (
				A2E8E8B723E8A5240095A345 /* Home_Chore_TrackerTests.swift in Sources */,
			);
			runOnlyForDeploymentPostprocessing = 0;
		};
/* End PBXSourcesBuildPhase section */

/* Begin PBXTargetDependency section */
		A2E8E8BA23E8A5240095A345 /* PBXTargetDependency */ = {
			isa = PBXTargetDependency;
			target = A2002F7B23E780A00066B3BB /* Home Chore Tracker */;
			targetProxy = A2E8E8B923E8A5240095A345 /* PBXContainerItemProxy */;
		};
/* End PBXTargetDependency section */

/* Begin PBXVariantGroup section */
		A2002F8523E780A00066B3BB /* Main.storyboard */ = {
			isa = PBXVariantGroup;
			children = (
				A2002F8623E780A00066B3BB /* Base */,
			);
			name = Main.storyboard;
			sourceTree = "<group>";
		};
		A2002F8A23E780A10066B3BB /* LaunchScreen.storyboard */ = {
			isa = PBXVariantGroup;
			children = (
				A2002F8B23E780A10066B3BB /* Base */,
			);
			name = LaunchScreen.storyboard;
			sourceTree = "<group>";
		};
/* End PBXVariantGroup section */

/* Begin XCBuildConfiguration section */
		A2002F8E23E780A10066B3BB /* Debug */ = {
			isa = XCBuildConfiguration;
			buildSettings = {
				ALWAYS_SEARCH_USER_PATHS = NO;
				CLANG_ANALYZER_NONNULL = YES;
				CLANG_ANALYZER_NUMBER_OBJECT_CONVERSION = YES_AGGRESSIVE;
				CLANG_CXX_LANGUAGE_STANDARD = "gnu++14";
				CLANG_CXX_LIBRARY = "libc++";
				CLANG_ENABLE_MODULES = YES;
				CLANG_ENABLE_OBJC_ARC = YES;
				CLANG_ENABLE_OBJC_WEAK = YES;
				CLANG_WARN_BLOCK_CAPTURE_AUTORELEASING = YES;
				CLANG_WARN_BOOL_CONVERSION = YES;
				CLANG_WARN_COMMA = YES;
				CLANG_WARN_CONSTANT_CONVERSION = YES;
				CLANG_WARN_DEPRECATED_OBJC_IMPLEMENTATIONS = YES;
				CLANG_WARN_DIRECT_OBJC_ISA_USAGE = YES_ERROR;
				CLANG_WARN_DOCUMENTATION_COMMENTS = YES;
				CLANG_WARN_EMPTY_BODY = YES;
				CLANG_WARN_ENUM_CONVERSION = YES;
				CLANG_WARN_INFINITE_RECURSION = YES;
				CLANG_WARN_INT_CONVERSION = YES;
				CLANG_WARN_NON_LITERAL_NULL_CONVERSION = YES;
				CLANG_WARN_OBJC_IMPLICIT_RETAIN_SELF = YES;
				CLANG_WARN_OBJC_LITERAL_CONVERSION = YES;
				CLANG_WARN_OBJC_ROOT_CLASS = YES_ERROR;
				CLANG_WARN_RANGE_LOOP_ANALYSIS = YES;
				CLANG_WARN_STRICT_PROTOTYPES = YES;
				CLANG_WARN_SUSPICIOUS_MOVE = YES;
				CLANG_WARN_UNGUARDED_AVAILABILITY = YES_AGGRESSIVE;
				CLANG_WARN_UNREACHABLE_CODE = YES;
				CLANG_WARN__DUPLICATE_METHOD_MATCH = YES;
				COPY_PHASE_STRIP = NO;
				DEBUG_INFORMATION_FORMAT = dwarf;
				ENABLE_STRICT_OBJC_MSGSEND = YES;
				ENABLE_TESTABILITY = YES;
				GCC_C_LANGUAGE_STANDARD = gnu11;
				GCC_DYNAMIC_NO_PIC = NO;
				GCC_NO_COMMON_BLOCKS = YES;
				GCC_OPTIMIZATION_LEVEL = 0;
				GCC_PREPROCESSOR_DEFINITIONS = (
					"DEBUG=1",
					"$(inherited)",
				);
				GCC_WARN_64_TO_32_BIT_CONVERSION = YES;
				GCC_WARN_ABOUT_RETURN_TYPE = YES_ERROR;
				GCC_WARN_UNDECLARED_SELECTOR = YES;
				GCC_WARN_UNINITIALIZED_AUTOS = YES_AGGRESSIVE;
				GCC_WARN_UNUSED_FUNCTION = YES;
				GCC_WARN_UNUSED_VARIABLE = YES;
				IPHONEOS_DEPLOYMENT_TARGET = 13.2;
				MTL_ENABLE_DEBUG_INFO = INCLUDE_SOURCE;
				MTL_FAST_MATH = YES;
				ONLY_ACTIVE_ARCH = YES;
				SDKROOT = iphoneos;
				SWIFT_ACTIVE_COMPILATION_CONDITIONS = DEBUG;
				SWIFT_OPTIMIZATION_LEVEL = "-Onone";
			};
			name = Debug;
		};
		A2002F8F23E780A10066B3BB /* Release */ = {
			isa = XCBuildConfiguration;
			buildSettings = {
				ALWAYS_SEARCH_USER_PATHS = NO;
				CLANG_ANALYZER_NONNULL = YES;
				CLANG_ANALYZER_NUMBER_OBJECT_CONVERSION = YES_AGGRESSIVE;
				CLANG_CXX_LANGUAGE_STANDARD = "gnu++14";
				CLANG_CXX_LIBRARY = "libc++";
				CLANG_ENABLE_MODULES = YES;
				CLANG_ENABLE_OBJC_ARC = YES;
				CLANG_ENABLE_OBJC_WEAK = YES;
				CLANG_WARN_BLOCK_CAPTURE_AUTORELEASING = YES;
				CLANG_WARN_BOOL_CONVERSION = YES;
				CLANG_WARN_COMMA = YES;
				CLANG_WARN_CONSTANT_CONVERSION = YES;
				CLANG_WARN_DEPRECATED_OBJC_IMPLEMENTATIONS = YES;
				CLANG_WARN_DIRECT_OBJC_ISA_USAGE = YES_ERROR;
				CLANG_WARN_DOCUMENTATION_COMMENTS = YES;
				CLANG_WARN_EMPTY_BODY = YES;
				CLANG_WARN_ENUM_CONVERSION = YES;
				CLANG_WARN_INFINITE_RECURSION = YES;
				CLANG_WARN_INT_CONVERSION = YES;
				CLANG_WARN_NON_LITERAL_NULL_CONVERSION = YES;
				CLANG_WARN_OBJC_IMPLICIT_RETAIN_SELF = YES;
				CLANG_WARN_OBJC_LITERAL_CONVERSION = YES;
				CLANG_WARN_OBJC_ROOT_CLASS = YES_ERROR;
				CLANG_WARN_RANGE_LOOP_ANALYSIS = YES;
				CLANG_WARN_STRICT_PROTOTYPES = YES;
				CLANG_WARN_SUSPICIOUS_MOVE = YES;
				CLANG_WARN_UNGUARDED_AVAILABILITY = YES_AGGRESSIVE;
				CLANG_WARN_UNREACHABLE_CODE = YES;
				CLANG_WARN__DUPLICATE_METHOD_MATCH = YES;
				COPY_PHASE_STRIP = NO;
				DEBUG_INFORMATION_FORMAT = "dwarf-with-dsym";
				ENABLE_NS_ASSERTIONS = NO;
				ENABLE_STRICT_OBJC_MSGSEND = YES;
				GCC_C_LANGUAGE_STANDARD = gnu11;
				GCC_NO_COMMON_BLOCKS = YES;
				GCC_WARN_64_TO_32_BIT_CONVERSION = YES;
				GCC_WARN_ABOUT_RETURN_TYPE = YES_ERROR;
				GCC_WARN_UNDECLARED_SELECTOR = YES;
				GCC_WARN_UNINITIALIZED_AUTOS = YES_AGGRESSIVE;
				GCC_WARN_UNUSED_FUNCTION = YES;
				GCC_WARN_UNUSED_VARIABLE = YES;
				IPHONEOS_DEPLOYMENT_TARGET = 13.2;
				MTL_ENABLE_DEBUG_INFO = NO;
				MTL_FAST_MATH = YES;
				SDKROOT = iphoneos;
				SWIFT_COMPILATION_MODE = wholemodule;
				SWIFT_OPTIMIZATION_LEVEL = "-O";
				VALIDATE_PRODUCT = YES;
			};
			name = Release;
		};
		A2002F9123E780A10066B3BB /* Debug */ = {
			isa = XCBuildConfiguration;
			buildSettings = {
				ASSETCATALOG_COMPILER_APPICON_NAME = AppIcon;
				CODE_SIGN_STYLE = Automatic;
				DEVELOPMENT_TEAM = VXUQXR6S56;
				INFOPLIST_FILE = "Home Chore Tracker/Info.plist";
				LD_RUNPATH_SEARCH_PATHS = (
					"$(inherited)",
					"@executable_path/Frameworks",
				);
				PRODUCT_BUNDLE_IDENTIFIER = "com.LambdaSchool.Home-Chore-Tracker-2";
				PRODUCT_NAME = "$(TARGET_NAME)";
				SWIFT_VERSION = 5.0;
				TARGETED_DEVICE_FAMILY = "1,2";
			};
			name = Debug;
		};
		A2002F9223E780A10066B3BB /* Release */ = {
			isa = XCBuildConfiguration;
			buildSettings = {
				ASSETCATALOG_COMPILER_APPICON_NAME = AppIcon;
				CODE_SIGN_STYLE = Automatic;
				DEVELOPMENT_TEAM = VXUQXR6S56;
				INFOPLIST_FILE = "Home Chore Tracker/Info.plist";
				LD_RUNPATH_SEARCH_PATHS = (
					"$(inherited)",
					"@executable_path/Frameworks",
				);
				PRODUCT_BUNDLE_IDENTIFIER = "com.LambdaSchool.Home-Chore-Tracker-2";
				PRODUCT_NAME = "$(TARGET_NAME)";
				SWIFT_VERSION = 5.0;
				TARGETED_DEVICE_FAMILY = "1,2";
			};
			name = Release;
		};
		A2E8E8BB23E8A5240095A345 /* Debug */ = {
			isa = XCBuildConfiguration;
			buildSettings = {
				BUNDLE_LOADER = "$(TEST_HOST)";
				CODE_SIGN_STYLE = Automatic;
				DEVELOPMENT_TEAM = VXUQXR6S56;
				INFOPLIST_FILE = "Home Chore TrackerTests/Info.plist";
				LD_RUNPATH_SEARCH_PATHS = (
					"$(inherited)",
					"@executable_path/Frameworks",
					"@loader_path/Frameworks",
				);
				PRODUCT_BUNDLE_IDENTIFIER = "com.LambdaSchool.Home-Chore-TrackerTests";
				PRODUCT_NAME = "$(TARGET_NAME)";
				SWIFT_VERSION = 5.0;
				TARGETED_DEVICE_FAMILY = "1,2";
				TEST_HOST = "$(BUILT_PRODUCTS_DIR)/Home Chore Tracker.app/Home Chore Tracker";
			};
			name = Debug;
		};
		A2E8E8BC23E8A5240095A345 /* Release */ = {
			isa = XCBuildConfiguration;
			buildSettings = {
				BUNDLE_LOADER = "$(TEST_HOST)";
				CODE_SIGN_STYLE = Automatic;
				DEVELOPMENT_TEAM = VXUQXR6S56;
				INFOPLIST_FILE = "Home Chore TrackerTests/Info.plist";
				LD_RUNPATH_SEARCH_PATHS = (
					"$(inherited)",
					"@executable_path/Frameworks",
					"@loader_path/Frameworks",
				);
				PRODUCT_BUNDLE_IDENTIFIER = "com.LambdaSchool.Home-Chore-TrackerTests";
				PRODUCT_NAME = "$(TARGET_NAME)";
				SWIFT_VERSION = 5.0;
				TARGETED_DEVICE_FAMILY = "1,2";
				TEST_HOST = "$(BUILT_PRODUCTS_DIR)/Home Chore Tracker.app/Home Chore Tracker";
			};
			name = Release;
		};
/* End XCBuildConfiguration section */

/* Begin XCConfigurationList section */
		A2002F7723E780A00066B3BB /* Build configuration list for PBXProject "Home Chore Tracker" */ = {
			isa = XCConfigurationList;
			buildConfigurations = (
				A2002F8E23E780A10066B3BB /* Debug */,
				A2002F8F23E780A10066B3BB /* Release */,
			);
			defaultConfigurationIsVisible = 0;
			defaultConfigurationName = Release;
		};
		A2002F9023E780A10066B3BB /* Build configuration list for PBXNativeTarget "Home Chore Tracker" */ = {
			isa = XCConfigurationList;
			buildConfigurations = (
				A2002F9123E780A10066B3BB /* Debug */,
				A2002F9223E780A10066B3BB /* Release */,
			);
			defaultConfigurationIsVisible = 0;
			defaultConfigurationName = Release;
		};
		A2E8E8BD23E8A5240095A345 /* Build configuration list for PBXNativeTarget "Home Chore TrackerTests" */ = {
			isa = XCConfigurationList;
			buildConfigurations = (
				A2E8E8BB23E8A5240095A345 /* Debug */,
				A2E8E8BC23E8A5240095A345 /* Release */,
			);
			defaultConfigurationIsVisible = 0;
			defaultConfigurationName = Release;
		};
/* End XCConfigurationList section */

/* Begin XCVersionGroup section */
		4C0E5A3823E912F40068C2A1 /* HomeChoreTracker.xcdatamodeld */ = {
			isa = XCVersionGroup;
			children = (
				4C0E5A3923E912F40068C2A1 /* HomeChoreTracker.xcdatamodel */,
			);
			currentVersion = 4C0E5A3923E912F40068C2A1 /* HomeChoreTracker.xcdatamodel */;
			path = HomeChoreTracker.xcdatamodeld;
			sourceTree = "<group>";
			versionGroupType = wrapper.xcdatamodel;
		};
/* End XCVersionGroup section */
	};
	rootObject = A2002F7423E780A00066B3BB /* Project object */;
}
